
Microsoft Visual Studio Solution File, Format Version 12.00
# Visual Studio 15
VisualStudioVersion = 15.0.27703.2042
MinimumVisualStudioVersion = 10.0.40219.1
Project("{FAE04EC0-301F-11D3-BF4B-00C04F79EFBC}") = "NewsApp", "NewsApp\NewsApp.csproj", "{480FCF06-10F2-497F-86F3-FC1C40D05F4D}"
EndProject
Global
	GlobalSection(SolutionConfigurationPlatforms) = preSolution
		Debug|Any CPU = Debug|Any CPU
		Release|Any CPU = Release|Any CPU
	EndGlobalSection
	GlobalSection(ProjectConfigurationPlatforms) = postSolution
		{480FCF06-10F2-497F-86F3-FC1C40D05F4D}.Debug|Any CPU.ActiveCfg = Debug|Any CPU
		{480FCF06-10F2-497F-86F3-FC1C40D05F4D}.Debug|Any CPU.Build.0 = Debug|Any CPU
		{480FCF06-10F2-497F-86F3-FC1C40D05F4D}.Release|Any CPU.ActiveCfg = Release|Any CPU
		{480FCF06-10F2-497F-86F3-FC1C40D05F4D}.Release|Any CPU.Build.0 = Release|Any CPU
	EndGlobalSection
	GlobalSection(SolutionProperties) = preSolution
		HideSolutionNode = FALSE
	EndGlobalSection
	GlobalSection(ExtensibilityGlobals) = postSolution
		SolutionGuid = {26EAEBB0-A6C2-408D-8B1B-6977715B019E}
	EndGlobalSection
EndGlobal
